{
  "originHash" : "fe71bd9f7887a65af9cd4f25f34c8787055437efc3e6bb4829e7e0aa9e1e3bac",
  "pins" : [
    {
      "identity" : "appsflyerframework-static",
      "kind" : "remoteSourceControl",
      "location" : "https://github.com/AppsFlyerSDK/AppsFlyerFramework-Static",
      "state" : {
        "revision" : "1741d025d5bdd8a64c42854ba0fcfd7f768e4594",
        "version" : "6.17.5"
      }
    },
    {
      "identity" : "onesignal-ios-sdk",
      "kind" : "remoteSourceControl",
      "location" : "https://github.com/OneSignal/OneSignal-iOS-SDK",
      "state" : {
        "revision" : "2c3b878c32b0adc8349dc1bf2509ca7decd3b27c",
        "version" : "5.2.14"
      }
    },
    {
      "identity" : "snapkit",
      "kind" : "remoteSourceControl",
      "location" : "https://github.com/SnapKit/SnapKit",
      "state" : {
        "revision" : "2842e6e84e82eb9a8dac0100ca90d9444b0307f4",
        "version" : "5.7.1"
      }
    }
  ],
  "version" : 3
}
